
Microsoft Visual Studio Solution File, Format Version 12.00
# Visual Studio Version 17
VisualStudioVersion = 17.0.31903.59
MinimumVisualStudioVersion = 10.0.40219.1
Project("{FAE04EC0-301F-11D3-BF4B-00C04F79EFBC}") = "api", "api\api.csproj", "{203AC565-F8B8-4E90-A9EB-98EFEB21BBEC}"
EndProject
Global
	GlobalSection(SolutionConfigurationPlatforms) = preSolution
		Debug|Any CPU = Debug|Any CPU
		Release|Any CPU = Release|Any CPU
	EndGlobalSection
	GlobalSection(SolutionProperties) = preSolution
		HideSolutionNode = FALSE
	EndGlobalSection
	GlobalSection(ProjectConfigurationPlatforms) = postSolution
		{203AC565-F8B8-4E90-A9EB-98EFEB21BBEC}.Debug|Any CPU.ActiveCfg = Debug|Any CPU
		{203AC565-F8B8-4E90-A9EB-98EFEB21BBEC}.Debug|Any CPU.Build.0 = Debug|Any CPU
		{203AC565-F8B8-4E90-A9EB-98EFEB21BBEC}.Release|Any CPU.ActiveCfg = Release|Any CPU
		{203AC565-F8B8-4E90-A9EB-98EFEB21BBEC}.Release|Any CPU.Build.0 = Release|Any CPU
	EndGlobalSection
EndGlobal
